
Microsoft Visual Studio Solution File, Format Version 12.00
# Visual Studio Version 17
VisualStudioVersion = 17.12.35527.113 d17.12
MinimumVisualStudioVersion = 10.0.40219.1
Project("{FAE04EC0-301F-11D3-BF4B-00C04F79EFBC}") = "Moon-Asg7-Wordle", "Moon-Asg7-Wordle.csproj", "{153E8787-1FF8-4190-9F6A-2BB8B4F95FDB}"
EndProject
Global
	GlobalSection(SolutionConfigurationPlatforms) = preSolution
		Debug|Any CPU = Debug|Any CPU
		Release|Any CPU = Release|Any CPU
	EndGlobalSection
	GlobalSection(ProjectConfigurationPlatforms) = postSolution
		{153E8787-1FF8-4190-9F6A-2BB8B4F95FDB}.Debug|Any CPU.ActiveCfg = Debug|Any CPU
		{153E8787-1FF8-4190-9F6A-2BB8B4F95FDB}.Debug|Any CPU.Build.0 = Debug|Any CPU
		{153E8787-1FF8-4190-9F6A-2BB8B4F95FDB}.Release|Any CPU.ActiveCfg = Release|Any CPU
		{153E8787-1FF8-4190-9F6A-2BB8B4F95FDB}.Release|Any CPU.Build.0 = Release|Any CPU
	EndGlobalSection
	GlobalSection(SolutionProperties) = preSolution
		HideSolutionNode = FALSE
	EndGlobalSection
EndGlobal
